
Microsoft Visual Studio Solution File, Format Version 12.00
# Visual Studio Version 17
VisualStudioVersion = 17.5.33424.131
MinimumVisualStudioVersion = 10.0.40219.1
Project("{FAE04EC0-301F-11D3-BF4B-00C04F79EFBC}") = "comp282assignment2_datagridVersion", "comp282assignment2_datagridVersion.csproj", "{6BF88F18-7A71-4766-A883-ECAA661598BE}"
EndProject
Global
	GlobalSection(SolutionConfigurationPlatforms) = preSolution
		Debug|Any CPU = Debug|Any CPU
		Release|Any CPU = Release|Any CPU
	EndGlobalSection
	GlobalSection(ProjectConfigurationPlatforms) = postSolution
		{6BF88F18-7A71-4766-A883-ECAA661598BE}.Debug|Any CPU.ActiveCfg = Debug|Any CPU
		{6BF88F18-7A71-4766-A883-ECAA661598BE}.Debug|Any CPU.Build.0 = Debug|Any CPU
		{6BF88F18-7A71-4766-A883-ECAA661598BE}.Release|Any CPU.ActiveCfg = Release|Any CPU
		{6BF88F18-7A71-4766-A883-ECAA661598BE}.Release|Any CPU.Build.0 = Release|Any CPU
	EndGlobalSection
	GlobalSection(SolutionProperties) = preSolution
		HideSolutionNode = FALSE
	EndGlobalSection
	GlobalSection(ExtensibilityGlobals) = postSolution
		SolutionGuid = {9CB53944-17E3-454B-9648-EEC678EE9B74}
	EndGlobalSection
EndGlobal
